
Microsoft Visual Studio Solution File, Format Version 12.00
# Visual Studio 15
VisualStudioVersion = 15.0.28307.1231
MinimumVisualStudioVersion = 10.0.40219.1
Project("{9A19103F-16F7-4668-BE54-9A1E7A4F7556}") = "MarsRover.Console", "MarsRover.Console\MarsRover.Console.csproj", "{D629BEBA-657F-4160-ADED-BCE853092B16}"
EndProject
Project("{9A19103F-16F7-4668-BE54-9A1E7A4F7556}") = "MarsRover.Test", "..\MarsRover.Test\XUnitTestProject1\MarsRover.Test.csproj", "{9883D1E1-CB8C-4552-B60A-4C95E87DE792}"
EndProject
Global
	GlobalSection(SolutionConfigurationPlatforms) = preSolution
		Debug|Any CPU = Debug|Any CPU
		Release|Any CPU = Release|Any CPU
	EndGlobalSection
	GlobalSection(ProjectConfigurationPlatforms) = postSolution
		{D629BEBA-657F-4160-ADED-BCE853092B16}.Debug|Any CPU.ActiveCfg = Debug|Any CPU
		{D629BEBA-657F-4160-ADED-BCE853092B16}.Debug|Any CPU.Build.0 = Debug|Any CPU
		{D629BEBA-657F-4160-ADED-BCE853092B16}.Release|Any CPU.ActiveCfg = Release|Any CPU
		{D629BEBA-657F-4160-ADED-BCE853092B16}.Release|Any CPU.Build.0 = Release|Any CPU
		{9883D1E1-CB8C-4552-B60A-4C95E87DE792}.Debug|Any CPU.ActiveCfg = Debug|Any CPU
		{9883D1E1-CB8C-4552-B60A-4C95E87DE792}.Debug|Any CPU.Build.0 = Debug|Any CPU
		{9883D1E1-CB8C-4552-B60A-4C95E87DE792}.Release|Any CPU.ActiveCfg = Release|Any CPU
		{9883D1E1-CB8C-4552-B60A-4C95E87DE792}.Release|Any CPU.Build.0 = Release|Any CPU
	EndGlobalSection
	GlobalSection(SolutionProperties) = preSolution
		HideSolutionNode = FALSE
	EndGlobalSection
	GlobalSection(ExtensibilityGlobals) = postSolution
		SolutionGuid = {50DE32C8-0C95-401C-A8BA-AD1F4BF060E9}
	EndGlobalSection
EndGlobal
